
Microsoft Visual Studio Solution File, Format Version 12.00
# Visual Studio Version 16
VisualStudioVersion = 16.0.30907.101
MinimumVisualStudioVersion = 10.0.40219.1
Project("{FAE04EC0-301F-11D3-BF4B-00C04F79EFBC}") = "HepsiBurada.Rover.API", "HepsiBurada.Rover.API\HepsiBurada.Rover.API.csproj", "{CEA05A02-5231-477A-9F30-B250E14EA24B}"
EndProject
Project("{FAE04EC0-301F-11D3-BF4B-00C04F79EFBC}") = "Data.Models.Mapping", "Data.Models.Mapping\Data.Models.Mapping.csproj", "{C34C11E6-6B99-47A9-9F30-F91B6C6E0AB6}"
EndProject
Project("{FAE04EC0-301F-11D3-BF4B-00C04F79EFBC}") = "Services", "Services\Services.csproj", "{15489742-B849-45D9-89CC-120188DC2A45}"
EndProject
Project("{FAE04EC0-301F-11D3-BF4B-00C04F79EFBC}") = "Helpers", "Helpers\Helpers.csproj", "{040AC3C3-0EDF-42FE-B7A5-C9FC584553D0}"
EndProject
Project("{FAE04EC0-301F-11D3-BF4B-00C04F79EFBC}") = "Data.Models", "Data.Models\Data.Models.csproj", "{3D3BB251-300B-4370-800B-9FFA6E39CB68}"
EndProject
Project("{FAE04EC0-301F-11D3-BF4B-00C04F79EFBC}") = "HepsiBurada.Rover.API.Tests", "HepsiBurada.Rover.API.Tests\HepsiBurada.Rover.API.Tests.csproj", "{E3E3ECDE-78E0-4099-98C0-8F57BF88F821}"
EndProject
Global
	GlobalSection(SolutionConfigurationPlatforms) = preSolution
		Debug|Any CPU = Debug|Any CPU
		Release|Any CPU = Release|Any CPU
	EndGlobalSection
	GlobalSection(ProjectConfigurationPlatforms) = postSolution
		{CEA05A02-5231-477A-9F30-B250E14EA24B}.Debug|Any CPU.ActiveCfg = Debug|Any CPU
		{CEA05A02-5231-477A-9F30-B250E14EA24B}.Debug|Any CPU.Build.0 = Debug|Any CPU
		{CEA05A02-5231-477A-9F30-B250E14EA24B}.Release|Any CPU.ActiveCfg = Release|Any CPU
		{CEA05A02-5231-477A-9F30-B250E14EA24B}.Release|Any CPU.Build.0 = Release|Any CPU
		{C34C11E6-6B99-47A9-9F30-F91B6C6E0AB6}.Debug|Any CPU.ActiveCfg = Debug|Any CPU
		{C34C11E6-6B99-47A9-9F30-F91B6C6E0AB6}.Debug|Any CPU.Build.0 = Debug|Any CPU
		{C34C11E6-6B99-47A9-9F30-F91B6C6E0AB6}.Release|Any CPU.ActiveCfg = Release|Any CPU
		{C34C11E6-6B99-47A9-9F30-F91B6C6E0AB6}.Release|Any CPU.Build.0 = Release|Any CPU
		{15489742-B849-45D9-89CC-120188DC2A45}.Debug|Any CPU.ActiveCfg = Debug|Any CPU
		{15489742-B849-45D9-89CC-120188DC2A45}.Debug|Any CPU.Build.0 = Debug|Any CPU
		{15489742-B849-45D9-89CC-120188DC2A45}.Release|Any CPU.ActiveCfg = Release|Any CPU
		{15489742-B849-45D9-89CC-120188DC2A45}.Release|Any CPU.Build.0 = Release|Any CPU
		{040AC3C3-0EDF-42FE-B7A5-C9FC584553D0}.Debug|Any CPU.ActiveCfg = Debug|Any CPU
		{040AC3C3-0EDF-42FE-B7A5-C9FC584553D0}.Debug|Any CPU.Build.0 = Debug|Any CPU
		{040AC3C3-0EDF-42FE-B7A5-C9FC584553D0}.Release|Any CPU.ActiveCfg = Release|Any CPU
		{040AC3C3-0EDF-42FE-B7A5-C9FC584553D0}.Release|Any CPU.Build.0 = Release|Any CPU
		{3D3BB251-300B-4370-800B-9FFA6E39CB68}.Debug|Any CPU.ActiveCfg = Debug|Any CPU
		{3D3BB251-300B-4370-800B-9FFA6E39CB68}.Debug|Any CPU.Build.0 = Debug|Any CPU
		{3D3BB251-300B-4370-800B-9FFA6E39CB68}.Release|Any CPU.ActiveCfg = Release|Any CPU
		{3D3BB251-300B-4370-800B-9FFA6E39CB68}.Release|Any CPU.Build.0 = Release|Any CPU
		{E3E3ECDE-78E0-4099-98C0-8F57BF88F821}.Debug|Any CPU.ActiveCfg = Debug|Any CPU
		{E3E3ECDE-78E0-4099-98C0-8F57BF88F821}.Debug|Any CPU.Build.0 = Debug|Any CPU
		{E3E3ECDE-78E0-4099-98C0-8F57BF88F821}.Release|Any CPU.ActiveCfg = Release|Any CPU
		{E3E3ECDE-78E0-4099-98C0-8F57BF88F821}.Release|Any CPU.Build.0 = Release|Any CPU
	EndGlobalSection
	GlobalSection(SolutionProperties) = preSolution
		HideSolutionNode = FALSE
	EndGlobalSection
	GlobalSection(ExtensibilityGlobals) = postSolution
		SolutionGuid = {454885A3-812A-4ABA-BEC7-7992A95A7236}
	EndGlobalSection
EndGlobal
